// !$*UTF8*$!
{
	archiveVersion = 1;
	classes = {
	};
	objectVersion = 46;
	objects = {

/* Begin PBXBuildFile section */
		740756F285F02F673DE2B776 /* Pods_CircleCISampleTests.framework in Frameworks */ = {isa = PBXBuildFile; fileRef = 102785805FFB87AB2CFA3D4C /* Pods_CircleCISampleTests.framework */; };
		9BCEC6308DB3FA2705FE54DE /* Pods_CircleCISample.framework in Frameworks */ = {isa = PBXBuildFile; fileRef = 55CE4B2D210CCFDE02487378 /* Pods_CircleCISample.framework */; };
		B460B1A51E7914520002AABB /* AppDelegate.swift in Sources */ = {isa = PBXBuildFile; fileRef = B460B1A41E7914520002AABB /* AppDelegate.swift */; };
		B460B1A71E7914520002AABB /* ViewController.swift in Sources */ = {isa = PBXBuildFile; fileRef = B460B1A61E7914520002AABB /* ViewController.swift */; };
		B460B1AA1E7914520002AABB /* Main.storyboard in Resources */ = {isa = PBXBuildFile; fileRef = B460B1A81E7914520002AABB /* Main.storyboard */; };
		B460B1AC1E7914520002AABB /* Assets.xcassets in Resources */ = {isa = PBXBuildFile; fileRef = B460B1AB1E7914520002AABB /* Assets.xcassets */; };
		B460B1AF1E7914520002AABB /* LaunchScreen.storyboard in Resources */ = {isa = PBXBuildFile; fileRef = B460B1AD1E7914520002AABB /* LaunchScreen.storyboard */; };
		B460B1BA1E7914520002AABB /* CircleCISampleTests.swift in Sources */ = {isa = PBXBuildFile; fileRef = B460B1B91E7914520002AABB /* CircleCISampleTests.swift */; };
/* End PBXBuildFile section */

/* Begin PBXContainerItemProxy section */
		B460B1B61E7914520002AABB /* PBXContainerItemProxy */ = {
			isa = PBXContainerItemProxy;
			containerPortal = B460B1991E7914520002AABB /* Project object */;
			proxyType = 1;
			remoteGlobalIDString = B460B1A01E7914520002AABB;
			remoteInfo = CircleCISample;
		};
/* End PBXContainerItemProxy section */

/* Begin PBXFileReference section */
		102785805FFB87AB2CFA3D4C /* Pods_CircleCISampleTests.framework */ = {isa = PBXFileReference; explicitFileType = wrapper.framework; includeInIndex = 0; path = Pods_CircleCISampleTests.framework; sourceTree = BUILT_PRODUCTS_DIR; };
		3B56A08DCB5F6DF4C6BE3B5A /* Pods-CircleCISample.release.xcconfig */ = {isa = PBXFileReference; includeInIndex = 1; lastKnownFileType = text.xcconfig; name = "Pods-CircleCISample.release.xcconfig"; path = "Pods/Target Support Files/Pods-CircleCISample/Pods-CircleCISample.release.xcconfig"; sourceTree = "<group>"; };
		55CE4B2D210CCFDE02487378 /* Pods_CircleCISample.framework */ = {isa = PBXFileReference; explicitFileType = wrapper.framework; includeInIndex = 0; path = Pods_CircleCISample.framework; sourceTree = BUILT_PRODUCTS_DIR; };
		5FDB4417ABF006BCD4ABD519 /* Pods-CircleCISample.debug.xcconfig */ = {isa = PBXFileReference; includeInIndex = 1; lastKnownFileType = text.xcconfig; name = "Pods-CircleCISample.debug.xcconfig"; path = "Pods/Target Support Files/Pods-CircleCISample/Pods-CircleCISample.debug.xcconfig"; sourceTree = "<group>"; };
		75A237E36804F2949B6E9065 /* Pods-CircleCISampleTests.debug.xcconfig */ = {isa = PBXFileReference; includeInIndex = 1; lastKnownFileType = text.xcconfig; name = "Pods-CircleCISampleTests.debug.xcconfig"; path = "Pods/Target Support Files/Pods-CircleCISampleTests/Pods-CircleCISampleTests.debug.xcconfig"; sourceTree = "<group>"; };
		B460B1A11E7914520002AABB /* CircleCISample.app */ = {isa = PBXFileReference; explicitFileType = wrapper.application; includeInIndex = 0; path = CircleCISample.app; sourceTree = BUILT_PRODUCTS_DIR; };
		B460B1A41E7914520002AABB /* AppDelegate.swift */ = {isa = PBXFileReference; lastKnownFileType = sourcecode.swift; path = AppDelegate.swift; sourceTree = "<group>"; };
		B460B1A61E7914520002AABB /* ViewController.swift */ = {isa = PBXFileReference; lastKnownFileType = sourcecode.swift; path = ViewController.swift; sourceTree = "<group>"; };
		B460B1A91E7914520002AABB /* Base */ = {isa = PBXFileReference; lastKnownFileType = file.storyboard; name = Base; path = Base.lproj/Main.storyboard; sourceTree = "<group>"; };
		B460B1AB1E7914520002AABB /* Assets.xcassets */ = {isa = PBXFileReference; lastKnownFileType = folder.assetcatalog; path = Assets.xcassets; sourceTree = "<group>"; };
		B460B1AE1E7914520002AABB /* Base */ = {isa = PBXFileReference; lastKnownFileType = file.storyboard; name = Base; path = Base.lproj/LaunchScreen.storyboard; sourceTree = "<group>"; };
		B460B1B01E7914520002AABB /* Info.plist */ = {isa = PBXFileReference; lastKnownFileType = text.plist.xml; path = Info.plist; sourceTree = "<group>"; };
		B460B1B51E7914520002AABB /* CircleCISampleTests.xctest */ = {isa = PBXFileReference; explicitFileType = wrapper.cfbundle; includeInIndex = 0; path = CircleCISampleTests.xctest; sourceTree = BUILT_PRODUCTS_DIR; };
		B460B1B91E7914520002AABB /* CircleCISampleTests.swift */ = {isa = PBXFileReference; lastKnownFileType = sourcecode.swift; path = CircleCISampleTests.swift; sourceTree = "<group>"; };
		B460B1BB1E7914520002AABB /* Info.plist */ = {isa = PBXFileReference; lastKnownFileType = text.plist.xml; path = Info.plist; sourceTree = "<group>"; };
		D9B62A851E42212823DA886F /* Pods-CircleCISampleTests.release.xcconfig */ = {isa = PBXFileReference; includeInIndex = 1; lastKnownFileType = text.xcconfig; name = "Pods-CircleCISampleTests.release.xcconfig"; path = "Pods/Target Support Files/Pods-CircleCISampleTests/Pods-CircleCISampleTests.release.xcconfig"; sourceTree = "<group>"; };
/* End PBXFileReference section */

/* Begin PBXFrameworksBuildPhase section */
		B460B19E1E7914520002AABB /* Frameworks */ = {
			isa = PBXFrameworksBuildPhase;
			buildActionMask = 2147483647;
			files = (
				9BCEC6308DB3FA2705FE54DE /* Pods_CircleCISample.framework in Frameworks */,
			);
			runOnlyForDeploymentPostprocessing = 0;
		};
		B460B1B21E7914520002AABB /* Frameworks */ = {
			isa = PBXFrameworksBuildPhase;
			buildActionMask = 2147483647;
			files = (
				740756F285F02F673DE2B776 /* Pods_CircleCISampleTests.framework in Frameworks */,
			);
			runOnlyForDeploymentPostprocessing = 0;
		};
/* End PBXFrameworksBuildPhase section */

/* Begin PBXGroup section */
		B460B1981E7914520002AABB = {
			isa = PBXGroup;
			children = (
				B460B1A31E7914520002AABB /* CircleCISample */,
				B460B1B81E7914520002AABB /* CircleCISampleTests */,
				B460B1A21E7914520002AABB /* Products */,
				E77EBD06F1362370E9757DF4 /* Pods */,
				E66A60708709EDD7F3A70B25 /* Frameworks */,
			);
			sourceTree = "<group>";
		};
		B460B1A21E7914520002AABB /* Products */ = {
			isa = PBXGroup;
			children = (
				B460B1A11E7914520002AABB /* CircleCISample.app */,
				B460B1B51E7914520002AABB /* CircleCISampleTests.xctest */,
			);
			name = Products;
			sourceTree = "<group>";
		};
		B460B1A31E7914520002AABB /* CircleCISample */ = {
			isa = PBXGroup;
			children = (
				B460B1A41E7914520002AABB /* AppDelegate.swift */,
				B460B1A61E7914520002AABB /* ViewController.swift */,
				B460B1A81E7914520002AABB /* Main.storyboard */,
				B460B1AB1E7914520002AABB /* Assets.xcassets */,
				B460B1AD1E7914520002AABB /* LaunchScreen.storyboard */,
				B460B1B01E7914520002AABB /* Info.plist */,
			);
			path = CircleCISample;
			sourceTree = "<group>";
		};
		B460B1B81E7914520002AABB /* CircleCISampleTests */ = {
			isa = PBXGroup;
			children = (
				B460B1B91E7914520002AABB /* CircleCISampleTests.swift */,
				B460B1BB1E7914520002AABB /* Info.plist */,
			);
			path = CircleCISampleTests;
			sourceTree = "<group>";
		};
		E66A60708709EDD7F3A70B25 /* Frameworks */ = {
			isa = PBXGroup;
			children = (
				55CE4B2D210CCFDE02487378 /* Pods_CircleCISample.framework */,
				102785805FFB87AB2CFA3D4C /* Pods_CircleCISampleTests.framework */,
			);
			name = Frameworks;
			sourceTree = "<group>";
		};
		E77EBD06F1362370E9757DF4 /* Pods */ = {
			isa = PBXGroup;
			children = (
				5FDB4417ABF006BCD4ABD519 /* Pods-CircleCISample.debug.xcconfig */,
				3B56A08DCB5F6DF4C6BE3B5A /* Pods-CircleCISample.release.xcconfig */,
				75A237E36804F2949B6E9065 /* Pods-CircleCISampleTests.debug.xcconfig */,
				D9B62A851E42212823DA886F /* Pods-CircleCISampleTests.release.xcconfig */,
			);
			name = Pods;
			sourceTree = "<group>";
		};
/* End PBXGroup section */

/* Begin PBXNativeTarget section */
		B460B1A01E7914520002AABB /* CircleCISample */ = {
			isa = PBXNativeTarget;
			buildConfigurationList = B460B1BE1E7914520002AABB /* Build configuration list for PBXNativeTarget "CircleCISample" */;
			buildPhases = (
				1D6D715A911DF8C8FCFC1DD4 /* [CP] Check Pods Manifest.lock */,
				B460B19D1E7914520002AABB /* Sources */,
				B460B19E1E7914520002AABB /* Frameworks */,
				B460B19F1E7914520002AABB /* Resources */,
				CD01D7F292B44BAF1A80AB54 /* [CP] Embed Pods Frameworks */,
				91F148ABD6C429CF69F490F4 /* [CP] Copy Pods Resources */,
			);
			buildRules = (
			);
			dependencies = (
			);
			name = CircleCISample;
			productName = CircleCISample;
			productReference = B460B1A11E7914520002AABB /* CircleCISample.app */;
			productType = "com.apple.product-type.application";
		};
		B460B1B41E7914520002AABB /* CircleCISampleTests */ = {
			isa = PBXNativeTarget;
			buildConfigurationList = B460B1C11E7914520002AABB /* Build configuration list for PBXNativeTarget "CircleCISampleTests" */;
			buildPhases = (
				5E92A5943DD000C9A1CBB9AA /* [CP] Check Pods Manifest.lock */,
				B460B1B11E7914520002AABB /* Sources */,
				B460B1B21E7914520002AABB /* Frameworks */,
				B460B1B31E7914520002AABB /* Resources */,
				6EC670EF84393474511ACF77 /* [CP] Embed Pods Frameworks */,
				DE00B77F08984BA1BCF15B9B /* [CP] Copy Pods Resources */,
			);
			buildRules = (
			);
			dependencies = (
				B460B1B71E7914520002AABB /* PBXTargetDependency */,
			);
			name = CircleCISampleTests;
			productName = CircleCISampleTests;
			productReference = B460B1B51E7914520002AABB /* CircleCISampleTests.xctest */;
			productType = "com.apple.product-type.bundle.unit-test";
		};
/* End PBXNativeTarget section */

/* Begin PBXProject section */
		B460B1991E7914520002AABB /* Project object */ = {
			isa = PBXProject;
			attributes = {
				LastSwiftUpdateCheck = 0820;
				LastUpgradeCheck = 0820;
				ORGANIZATIONNAME = "MatchingAgent, Inc";
				TargetAttributes = {
					B460B1A01E7914520002AABB = {
						CreatedOnToolsVersion = 8.2.1;
						DevelopmentTeam = 4RQW6JG2KQ;
						ProvisioningStyle = Automatic;
					};
					B460B1B41E7914520002AABB = {
						CreatedOnToolsVersion = 8.2.1;
						DevelopmentTeam = 4RQW6JG2KQ;
						ProvisioningStyle = Automatic;
						TestTargetID = B460B1A01E7914520002AABB;
					};
				};
			};
			buildConfigurationList = B460B19C1E7914520002AABB /* Build configuration list for PBXProject "CircleCISample" */;
			compatibilityVersion = "Xcode 3.2";
			developmentRegion = English;
			hasScannedForEncodings = 0;
			knownRegions = (
				en,
				Base,
			);
			mainGroup = B460B1981E7914520002AABB;
			productRefGroup = B460B1A21E7914520002AABB /* Products */;
			projectDirPath = "";
			projectRoot = "";
			targets = (
				B460B1A01E7914520002AABB /* CircleCISample */,
				B460B1B41E7914520002AABB /* CircleCISampleTests */,
			);
		};
/* End PBXProject section */

/* Begin PBXResourcesBuildPhase section */
		B460B19F1E7914520002AABB /* Resources */ = {
			isa = PBXResourcesBuildPhase;
			buildActionMask = 2147483647;
			files = (
				B460B1AF1E7914520002AABB /* LaunchScreen.storyboard in Resources */,
				B460B1AC1E7914520002AABB /* Assets.xcassets in Resources */,
				B460B1AA1E7914520002AABB /* Main.storyboard in Resources */,
			);
			runOnlyForDeploymentPostprocessing = 0;
		};
		B460B1B31E7914520002AABB /* Resources */ = {
			isa = PBXResourcesBuildPhase;
			buildActionMask = 2147483647;
			files = (
			);
			runOnlyForDeploymentPostprocessing = 0;
		};
/* End PBXResourcesBuildPhase section */

/* Begin PBXShellScriptBuildPhase section */
		1D6D715A911DF8C8FCFC1DD4 /* [CP] Check Pods Manifest.lock */ = {
			isa = PBXShellScriptBuildPhase;
			buildActionMask = 2147483647;
			files = (
			);
			inputPaths = (
			);
			name = "[CP] Check Pods Manifest.lock";
			outputPaths = (
			);
			runOnlyForDeploymentPostprocessing = 0;
			shellPath = /bin/sh;
			shellScript = "diff \"${PODS_ROOT}/../Podfile.lock\" \"${PODS_ROOT}/Manifest.lock\" > /dev/null\nif [ $? != 0 ] ; then\n    # print error to STDERR\n    echo \"error: The sandbox is not in sync with the Podfile.lock. Run 'pod install' or update your CocoaPods installation.\" >&2\n    exit 1\nfi\n";
			showEnvVarsInLog = 0;
		};
		5E92A5943DD000C9A1CBB9AA /* [CP] Check Pods Manifest.lock */ = {
			isa = PBXShellScriptBuildPhase;
			buildActionMask = 2147483647;
			files = (
			);
			inputPaths = (
			);
			name = "[CP] Check Pods Manifest.lock";
			outputPaths = (
			);
			runOnlyForDeploymentPostprocessing = 0;
			shellPath = /bin/sh;
			shellScript = "diff \"${PODS_ROOT}/../Podfile.lock\" \"${PODS_ROOT}/Manifest.lock\" > /dev/null\nif [ $? != 0 ] ; then\n    # print error to STDERR\n    echo \"error: The sandbox is not in sync with the Podfile.lock. Run 'pod install' or update your CocoaPods installation.\" >&2\n    exit 1\nfi\n";
			showEnvVarsInLog = 0;
		};
		6EC670EF84393474511ACF77 /* [CP] Embed Pods Frameworks */ = {
			isa = PBXShellScriptBuildPhase;
			buildActionMask = 2147483647;
			files = (
			);
			inputPaths = (
			);
			name = "[CP] Embed Pods Frameworks";
			outputPaths = (
			);
			runOnlyForDeploymentPostprocessing = 0;
			shellPath = /bin/sh;
			shellScript = "\"${SRCROOT}/Pods/Target Support Files/Pods-CircleCISampleTests/Pods-CircleCISampleTests-frameworks.sh\"\n";
			showEnvVarsInLog = 0;
		};
		91F148ABD6C429CF69F490F4 /* [CP] Copy Pods Resources */ = {
			isa = PBXShellScriptBuildPhase;
			buildActionMask = 2147483647;
			files = (
			);
			inputPaths = (
			);
			name = "[CP] Copy Pods Resources";
			outputPaths = (
			);
			runOnlyForDeploymentPostprocessing = 0;
			shellPath = /bin/sh;
			shellScript = "\"${SRCROOT}/Pods/Target Support Files/Pods-CircleCISample/Pods-CircleCISample-resources.sh\"\n";
			showEnvVarsInLog = 0;
		};
		CD01D7F292B44BAF1A80AB54 /* [CP] Embed Pods Frameworks */ = {
			isa = PBXShellScriptBuildPhase;
			buildActionMask = 2147483647;
			files = (
			);
			inputPaths = (
			);
			name = "[CP] Embed Pods Frameworks";
			outputPaths = (
			);
			runOnlyForDeploymentPostprocessing = 0;
			shellPath = /bin/sh;
			shellScript = "\"${SRCROOT}/Pods/Target Support Files/Pods-CircleCISample/Pods-CircleCISample-frameworks.sh\"\n";
			showEnvVarsInLog = 0;
		};
		DE00B77F08984BA1BCF15B9B /* [CP] Copy Pods Resources */ = {
			isa = PBXShellScriptBuildPhase;
			buildActionMask = 2147483647;
			files = (
			);
			inputPaths = (
			);
			name = "[CP] Copy Pods Resources";
			outputPaths = (
			);
			runOnlyForDeploymentPostprocessing = 0;
			shellPath = /bin/sh;
			shellScript = "\"${SRCROOT}/Pods/Target Support Files/Pods-CircleCISampleTests/Pods-CircleCISampleTests-resources.sh\"\n";
			showEnvVarsInLog = 0;
		};
/* End PBXShellScriptBuildPhase section */

/* Begin PBXSourcesBuildPhase section */
		B460B19D1E7914520002AABB /* Sources */ = {
			isa = PBXSourcesBuildPhase;
			buildActionMask = 2147483647;
			files = (
				B460B1A71E7914520002AABB /* ViewController.swift in Sources */,
				B460B1A51E7914520002AABB /* AppDelegate.swift in Sources */,
			);
			runOnlyForDeploymentPostprocessing = 0;
		};
		B460B1B11E7914520002AABB /* Sources */ = {
			isa = PBXSourcesBuildPhase;
			buildActionMask = 2147483647;
			files = (
				B460B1BA1E7914520002AABB /* CircleCISampleTests.swift in Sources */,
			);
			runOnlyForDeploymentPostprocessing = 0;
		};
/* End PBXSourcesBuildPhase section */

/* Begin PBXTargetDependency section */
		B460B1B71E7914520002AABB /* PBXTargetDependency */ = {
			isa = PBXTargetDependency;
			target = B460B1A01E7914520002AABB /* CircleCISample */;
			targetProxy = B460B1B61E7914520002AABB /* PBXContainerItemProxy */;
		};
/* End PBXTargetDependency section */

/* Begin PBXVariantGroup section */
		B460B1A81E7914520002AABB /* Main.storyboard */ = {
			isa = PBXVariantGroup;
			children = (
				B460B1A91E7914520002AABB /* Base */,
			);
			name = Main.storyboard;
			sourceTree = "<group>";
		};
		B460B1AD1E7914520002AABB /* LaunchScreen.storyboard */ = {
			isa = PBXVariantGroup;
			children = (
				B460B1AE1E7914520002AABB /* Base */,
			);
			name = LaunchScreen.storyboard;
			sourceTree = "<group>";
		};
/* End PBXVariantGroup section */

/* Begin XCBuildConfiguration section */
		B460B1BC1E7914520002AABB /* Debug */ = {
			isa = XCBuildConfiguration;
			buildSettings = {
				ALWAYS_SEARCH_USER_PATHS = NO;
				CLANG_ANALYZER_NONNULL = YES;
				CLANG_CXX_LANGUAGE_STANDARD = "gnu++0x";
				CLANG_CXX_LIBRARY = "libc++";
				CLANG_ENABLE_MODULES = YES;
				CLANG_ENABLE_OBJC_ARC = YES;
				CLANG_WARN_BOOL_CONVERSION = YES;
				CLANG_WARN_CONSTANT_CONVERSION = YES;
				CLANG_WARN_DIRECT_OBJC_ISA_USAGE = YES_ERROR;
				CLANG_WARN_DOCUMENTATION_COMMENTS = YES;
				CLANG_WARN_EMPTY_BODY = YES;
				CLANG_WARN_ENUM_CONVERSION = YES;
				CLANG_WARN_INFINITE_RECURSION = YES;
				CLANG_WARN_INT_CONVERSION = YES;
				CLANG_WARN_OBJC_ROOT_CLASS = YES_ERROR;
				CLANG_WARN_SUSPICIOUS_MOVE = YES;
				CLANG_WARN_UNREACHABLE_CODE = YES;
				CLANG_WARN__DUPLICATE_METHOD_MATCH = YES;
				"CODE_SIGN_IDENTITY[sdk=iphoneos*]" = "iPhone Developer";
				COPY_PHASE_STRIP = NO;
				DEBUG_INFORMATION_FORMAT = dwarf;
				ENABLE_STRICT_OBJC_MSGSEND = YES;
				ENABLE_TESTABILITY = YES;
				GCC_C_LANGUAGE_STANDARD = gnu99;
				GCC_DYNAMIC_NO_PIC = NO;
				GCC_NO_COMMON_BLOCKS = YES;
				GCC_OPTIMIZATION_LEVEL = 0;
				GCC_PREPROCESSOR_DEFINITIONS = (
					"DEBUG=1",
					"$(inherited)",
				);
				GCC_WARN_64_TO_32_BIT_CONVERSION = YES;
				GCC_WARN_ABOUT_RETURN_TYPE = YES_ERROR;
				GCC_WARN_UNDECLARED_SELECTOR = YES;
				GCC_WARN_UNINITIALIZED_AUTOS = YES_AGGRESSIVE;
				GCC_WARN_UNUSED_FUNCTION = YES;
				GCC_WARN_UNUSED_VARIABLE = YES;
				IPHONEOS_DEPLOYMENT_TARGET = 10.2;
				MTL_ENABLE_DEBUG_INFO = YES;
				ONLY_ACTIVE_ARCH = YES;
				SDKROOT = iphoneos;
				SWIFT_ACTIVE_COMPILATION_CONDITIONS = DEBUG;
				SWIFT_OPTIMIZATION_LEVEL = "-Onone";
				TARGETED_DEVICE_FAMILY = "1,2";
			};
			name = Debug;
		};
		B460B1BD1E7914520002AABB /* Release */ = {
			isa = XCBuildConfiguration;
			buildSettings = {
				ALWAYS_SEARCH_USER_PATHS = NO;
				CLANG_ANALYZER_NONNULL = YES;
				CLANG_CXX_LANGUAGE_STANDARD = "gnu++0x";
				CLANG_CXX_LIBRARY = "libc++";
				CLANG_ENABLE_MODULES = YES;
				CLANG_ENABLE_OBJC_ARC = YES;
				CLANG_WARN_BOOL_CONVERSION = YES;
				CLANG_WARN_CONSTANT_CONVERSION = YES;
				CLANG_WARN_DIRECT_OBJC_ISA_USAGE = YES_ERROR;
				CLANG_WARN_DOCUMENTATION_COMMENTS = YES;
				CLANG_WARN_EMPTY_BODY = YES;
				CLANG_WARN_ENUM_CONVERSION = YES;
				CLANG_WARN_INFINITE_RECURSION = YES;
				CLANG_WARN_INT_CONVERSION = YES;
				CLANG_WARN_OBJC_ROOT_CLASS = YES_ERROR;
				CLANG_WARN_SUSPICIOUS_MOVE = YES;
				CLANG_WARN_UNREACHABLE_CODE = YES;
				CLANG_WARN__DUPLICATE_METHOD_MATCH = YES;
				"CODE_SIGN_IDENTITY[sdk=iphoneos*]" = "iPhone Developer";
				COPY_PHASE_STRIP = NO;
				DEBUG_INFORMATION_FORMAT = "dwarf-with-dsym";
				ENABLE_NS_ASSERTIONS = NO;
				ENABLE_STRICT_OBJC_MSGSEND = YES;
				GCC_C_LANGUAGE_STANDARD = gnu99;
				GCC_NO_COMMON_BLOCKS = YES;
				GCC_WARN_64_TO_32_BIT_CONVERSION = YES;
				GCC_WARN_ABOUT_RETURN_TYPE = YES_ERROR;
				GCC_WARN_UNDECLARED_SELECTOR = YES;
				GCC_WARN_UNINITIALIZED_AUTOS = YES_AGGRESSIVE;
				GCC_WARN_UNUSED_FUNCTION = YES;
				GCC_WARN_UNUSED_VARIABLE = YES;
				IPHONEOS_DEPLOYMENT_TARGET = 10.2;
				MTL_ENABLE_DEBUG_INFO = NO;
				SDKROOT = iphoneos;
				SWIFT_OPTIMIZATION_LEVEL = "-Owholemodule";
				TARGETED_DEVICE_FAMILY = "1,2";
				VALIDATE_PRODUCT = YES;
			};
			name = Release;
		};
		B460B1BF1E7914520002AABB /* Debug */ = {
			isa = XCBuildConfiguration;
			baseConfigurationReference = 5FDB4417ABF006BCD4ABD519 /* Pods-CircleCISample.debug.xcconfig */;
			buildSettings = {
				ASSETCATALOG_COMPILER_APPICON_NAME = AppIcon;
				DEVELOPMENT_TEAM = 4RQW6JG2KQ;
				INFOPLIST_FILE = CircleCISample/Info.plist;
				LD_RUNPATH_SEARCH_PATHS = "$(inherited) @executable_path/Frameworks";
				PRODUCT_BUNDLE_IDENTIFIER = com.matchingagent.CircleCISample;
				PRODUCT_NAME = "$(TARGET_NAME)";
				SWIFT_VERSION = 3.0;
			};
			name = Debug;
		};
		B460B1C01E7914520002AABB /* Release */ = {
			isa = XCBuildConfiguration;
			baseConfigurationReference = 3B56A08DCB5F6DF4C6BE3B5A /* Pods-CircleCISample.release.xcconfig */;
			buildSettings = {
				ASSETCATALOG_COMPILER_APPICON_NAME = AppIcon;
				DEVELOPMENT_TEAM = 4RQW6JG2KQ;
				INFOPLIST_FILE = CircleCISample/Info.plist;
				LD_RUNPATH_SEARCH_PATHS = "$(inherited) @executable_path/Frameworks";
				PRODUCT_BUNDLE_IDENTIFIER = com.matchingagent.CircleCISample;
				PRODUCT_NAME = "$(TARGET_NAME)";
				SWIFT_VERSION = 3.0;
			};
			name = Release;
		};
		B460B1C21E7914520002AABB /* Debug */ = {
			isa = XCBuildConfiguration;
			baseConfigurationReference = 75A237E36804F2949B6E9065 /* Pods-CircleCISampleTests.debug.xcconfig */;
			buildSettings = {
				ALWAYS_EMBED_SWIFT_STANDARD_LIBRARIES = YES;
				BUNDLE_LOADER = "$(TEST_HOST)";
				DEVELOPMENT_TEAM = 4RQW6JG2KQ;
				INFOPLIST_FILE = CircleCISampleTests/Info.plist;
				LD_RUNPATH_SEARCH_PATHS = "$(inherited) @executable_path/Frameworks @loader_path/Frameworks";
				PRODUCT_BUNDLE_IDENTIFIER = com.matchingagent.CircleCISampleTests;
				PRODUCT_NAME = "$(TARGET_NAME)";
				SWIFT_VERSION = 3.0;
				TEST_HOST = "$(BUILT_PRODUCTS_DIR)/CircleCISample.app/CircleCISample";
			};
			name = Debug;
		};
		B460B1C31E7914520002AABB /* Release */ = {
			isa = XCBuildConfiguration;
			baseConfigurationReference = D9B62A851E42212823DA886F /* Pods-CircleCISampleTests.release.xcconfig */;
			buildSettings = {
				ALWAYS_EMBED_SWIFT_STANDARD_LIBRARIES = YES;
				BUNDLE_LOADER = "$(TEST_HOST)";
				DEVELOPMENT_TEAM = 4RQW6JG2KQ;
				INFOPLIST_FILE = CircleCISampleTests/Info.plist;
				LD_RUNPATH_SEARCH_PATHS = "$(inherited) @executable_path/Frameworks @loader_path/Frameworks";
				PRODUCT_BUNDLE_IDENTIFIER = com.matchingagent.CircleCISampleTests;
				PRODUCT_NAME = "$(TARGET_NAME)";
				SWIFT_VERSION = 3.0;
				TEST_HOST = "$(BUILT_PRODUCTS_DIR)/CircleCISample.app/CircleCISample";
			};
			name = Release;
		};
/* End XCBuildConfiguration section */

/* Begin XCConfigurationList section */
		B460B19C1E7914520002AABB /* Build configuration list for PBXProject "CircleCISample" */ = {
			isa = XCConfigurationList;
			buildConfigurations = (
				B460B1BC1E7914520002AABB /* Debug */,
				B460B1BD1E7914520002AABB /* Release */,
			);
			defaultConfigurationIsVisible = 0;
			defaultConfigurationName = Release;
		};
		B460B1BE1E7914520002AABB /* Build configuration list for PBXNativeTarget "CircleCISample" */ = {
			isa = XCConfigurationList;
			buildConfigurations = (
				B460B1BF1E7914520002AABB /* Debug */,
				B460B1C01E7914520002AABB /* Release */,
			);
			defaultConfigurationIsVisible = 0;
		};
		B460B1C11E7914520002AABB /* Build configuration list for PBXNativeTarget "CircleCISampleTests" */ = {
			isa = XCConfigurationList;
			buildConfigurations = (
				B460B1C21E7914520002AABB /* Debug */,
				B460B1C31E7914520002AABB /* Release */,
			);
			defaultConfigurationIsVisible = 0;
		};
/* End XCConfigurationList section */
	};
	rootObject = B460B1991E7914520002AABB /* Project object */;
}
